<?xml version="1.0" encoding="utf-8"?>
<Project ToolsVersion="4.0" xmlns="http://schemas.microsoft.com/developer/msbuild/2003">
  <ItemGroup>
    <Filter Include="소스 파일">
      <UniqueIdentifier>{4FC737F1-C7A5-4376-A066-2A32D752A2FF}</UniqueIdentifier>
      <Extensions>cpp;c;cc;cxx;def;odl;idl;hpj;bat;asm;asmx</Extensions>
    </Filter>
    <Filter Include="헤더 파일">
      <UniqueIdentifier>{93995380-89BD-4b04-88EB-625FBE52EBFB}</UniqueIdentifier>
      <Extensions>h;hh;hpp;hxx;hm;inl;inc;xsd</Extensions>
    </Filter>
    <Filter Include="리소스 파일">
      <UniqueIdentifier>{67DA6AB6-F800-4c08-8B7A-83BB121AAD01}</UniqueIdentifier>
      <Extensions>rc;ico;cur;bmp;dlg;rc2;rct;bin;rgs;gif;jpg;jpeg;jpe;resx;tiff;tif;png;wav;mfcribbon-ms</Extensions>
    </Filter>
  </ItemGroup>
  <ItemGroup>
    <ClCompile Include="t14.cpp">
      <Filter>소스 파일</Filter>
    </ClCompile>
    <ClCompile Include="t15.cpp">
      <Filter>소스 파일</Filter>
    </ClCompile>
    <ClCompile Include="t16.cpp">
      <Filter>소스 파일</Filter>
    </ClCompile>
    <ClCompile Include="bj2309.cpp">
      <Filter>소스 파일</Filter>
    </ClCompile>
    <ClCompile Include="bj2178.cpp">
      <Filter>소스 파일</Filter>
    </ClCompile>
    <ClCompile Include="bj1463.cpp">
      <Filter>소스 파일</Filter>
    </ClCompile>
    <ClCompile Include="bj3653.cpp">
      <Filter>소스 파일</Filter>
    </ClCompile>
    <ClCompile Include="bj1753.cpp">
      <Filter>소스 파일</Filter>
    </ClCompile>
    <ClCompile Include="bj1916.cpp">
      <Filter>소스 파일</Filter>
    </ClCompile>
    <ClCompile Include="bj1238.cpp">
      <Filter>소스 파일</Filter>
    </ClCompile>
    <ClCompile Include="bj1182.cpp">
      <Filter>소스 파일</Filter>
    </ClCompile>
    <ClCompile Include="bj2505.cpp">
      <Filter>소스 파일</Filter>
    </ClCompile>
    <ClCompile Include="bj2504.cpp">
      <Filter>소스 파일</Filter>
    </ClCompile>
    <ClCompile Include="bj2493.cpp">
      <Filter>소스 파일</Filter>
    </ClCompile>
    <ClCompile Include="bj3986.cpp">
      <Filter>소스 파일</Filter>
    </ClCompile>
    <ClCompile Include="bj16988.cpp">
      <Filter>소스 파일</Filter>
    </ClCompile>
    <ClCompile Include="bj8979.cpp">
      <Filter>소스 파일</Filter>
    </ClCompile>
    <ClCompile Include="bj16987.cpp">
      <Filter>소스 파일</Filter>
    </ClCompile>
    <ClCompile Include="bj10819.cpp">
      <Filter>소스 파일</Filter>
    </ClCompile>
    <ClCompile Include="bj1700.cpp">
      <Filter>소스 파일</Filter>
    </ClCompile>
    <ClCompile Include="bj2529.cpp">
      <Filter>소스 파일</Filter>
    </ClCompile>
    <ClCompile Include="bj16234.cpp">
      <Filter>소스 파일</Filter>
    </ClCompile>
    <ClCompile Include="bj11728.cpp">
      <Filter>소스 파일</Filter>
    </ClCompile>
    <ClCompile Include="bj2003.cpp">
      <Filter>소스 파일</Filter>
    </ClCompile>
    <ClCompile Include="bj2438.cpp">
      <Filter>소스 파일</Filter>
    </ClCompile>
    <ClCompile Include="bj2439.cpp">
      <Filter>소스 파일</Filter>
    </ClCompile>
    <ClCompile Include="bj2440.cpp">
      <Filter>소스 파일</Filter>
    </ClCompile>
    <ClCompile Include="bj2441.cpp">
      <Filter>소스 파일</Filter>
    </ClCompile>
    <ClCompile Include="bj2442.cpp">
      <Filter>소스 파일</Filter>
    </ClCompile>
    <ClCompile Include="bj2443.cpp">
      <Filter>소스 파일</Filter>
    </ClCompile>
    <ClCompile Include="bj2444.cpp">
      <Filter>소스 파일</Filter>
    </ClCompile>
    <ClCompile Include="bj2445.cpp">
      <Filter>소스 파일</Filter>
    </ClCompile>
    <ClCompile Include="bj2446.cpp">
      <Filter>소스 파일</Filter>
    </ClCompile>
    <ClCompile Include="bj2447.cpp">
      <Filter>소스 파일</Filter>
    </ClCompile>
    <ClCompile Include="bj2941.cpp">
      <Filter>소스 파일</Filter>
    </ClCompile>
    <ClCompile Include="bj1018.cpp">
      <Filter>소스 파일</Filter>
    </ClCompile>
    <ClCompile Include="bj1924.cpp">
      <Filter>소스 파일</Filter>
    </ClCompile>
    <ClCompile Include="bj1546.cpp">
      <Filter>소스 파일</Filter>
    </ClCompile>
    <ClCompile Include="bj1748.cpp">
      <Filter>소스 파일</Filter>
    </ClCompile>
    <ClCompile Include="bj5525.cpp">
      <Filter>소스 파일</Filter>
    </ClCompile>
    <ClCompile Include="bj14467.cpp">
      <Filter>소스 파일</Filter>
    </ClCompile>
    <ClCompile Include="bj15905.cpp">
      <Filter>소스 파일</Filter>
    </ClCompile>
    <ClCompile Include="bj17070.cpp">
      <Filter>소스 파일</Filter>
    </ClCompile>
    <ClCompile Include="bj11559.cpp">
      <Filter>소스 파일</Filter>
    </ClCompile>
    <ClCompile Include="bj3197.cpp">
      <Filter>소스 파일</Filter>
    </ClCompile>
    <ClCompile Include="bj11279.cpp">
      <Filter>소스 파일</Filter>
    </ClCompile>
    <ClCompile Include="bj1715.cpp">
      <Filter>소스 파일</Filter>
    </ClCompile>
    <ClCompile Include="boj16929.cpp">
      <Filter>소스 파일</Filter>
    </ClCompile>
    <ClCompile Include="boj2217.cpp">
      <Filter>소스 파일</Filter>
    </ClCompile>
    <ClCompile Include="boj15662.cpp">
      <Filter>소스 파일</Filter>
    </ClCompile>
    <ClCompile Include="boj11404cpp">
      <Filter>소스 파일</Filter>
    </ClCompile>
    <ClCompile Include="boj11048.cpp">
      <Filter>소스 파일</Filter>
    </ClCompile>
    <ClCompile Include="boj16988.cpp">
      <Filter>소스 파일</Filter>
    </ClCompile>
    <ClCompile Include="boj17821.cpp">
      <Filter>소스 파일</Filter>
    </ClCompile>
  </ItemGroup>
</Project>