<?xml version="1.0" encoding="utf-8"?>
<Project ToolsVersion="4.0" xmlns="http://schemas.microsoft.com/developer/msbuild/2003">
  <ItemGroup>
    <Filter Include="소스 파일">
      <UniqueIdentifier>{4FC737F1-C7A5-4376-A066-2A32D752A2FF}</UniqueIdentifier>
      <Extensions>cpp;c;cc;cxx;def;odl;idl;hpj;bat;asm;asmx</Extensions>
    </Filter>
    <Filter Include="헤더 파일">
      <UniqueIdentifier>{93995380-89BD-4b04-88EB-625FBE52EBFB}</UniqueIdentifier>
      <Extensions>h;hh;hpp;hxx;hm;inl;inc;xsd</Extensions>
    </Filter>
    <Filter Include="리소스 파일">
      <UniqueIdentifier>{67DA6AB6-F800-4c08-8B7A-83BB121AAD01}</UniqueIdentifier>
      <Extensions>rc;ico;cur;bmp;dlg;rc2;rct;bin;rgs;gif;jpg;jpeg;jpe;resx;tiff;tif;png;wav;mfcribbon-ms</Extensions>
    </Filter>
  </ItemGroup>
  <ItemGroup>
    <ClCompile Include="t14.cpp">
      <Filter>소스 파일</Filter>
    </ClCompile>
    <ClCompile Include="t15.cpp">
      <Filter>소스 파일</Filter>
    </ClCompile>
    <ClCompile Include="t16.cpp">
      <Filter>소스 파일</Filter>
    </ClCompile>
    <ClCompile Include="bj2309.cpp">
      <Filter>소스 파일</Filter>
    </ClCompile>
    <ClCompile Include="bj2178.cpp">
      <Filter>소스 파일</Filter>
    </ClCompile>
    <ClCompile Include="bj1463.cpp">
      <Filter>소스 파일</Filter>
    </ClCompile>
    <ClCompile Include="bj3653.cpp">
      <Filter>소스 파일</Filter>
    </ClCompile>
    <ClCompile Include="bj1753.cpp">
      <Filter>소스 파일</Filter>
    </ClCompile>
    <ClCompile Include="bj1916.cpp">
      <Filter>소스 파일</Filter>
    </ClCompile>
    <ClCompile Include="bj1238.cpp">
      <Filter>소스 파일</Filter>
    </ClCompile>
    <ClCompile Include="bj1182.cpp">
      <Filter>소스 파일</Filter>
    </ClCompile>
    <ClCompile Include="bj2505.cpp">
      <Filter>소스 파일</Filter>
    </ClCompile>
    <ClCompile Include="bj2504.cpp">
      <Filter>소스 파일</Filter>
    </ClCompile>
    <ClCompile Include="bj2493.cpp">
      <Filter>소스 파일</Filter>
    </ClCompile>
    <ClCompile Include="bj3986.cpp">
      <Filter>소스 파일</Filter>
    </ClCompile>
    <ClCompile Include="bj16988.cpp">
      <Filter>소스 파일</Filter>
    </ClCompile>
    <ClCompile Include="bj8979.cpp">
      <Filter>소스 파일</Filter>
    </ClCompile>
    <ClCompile Include="bj16987.cpp">
      <Filter>소스 파일</Filter>
    </ClCompile>
    <ClCompile Include="bj10819.cpp">
      <Filter>소스 파일</Filter>
    </ClCompile>
    <ClCompile Include="bj1700.cpp">
      <Filter>소스 파일</Filter>
    </ClCompile>
    <ClCompile Include="bj2529.cpp">
      <Filter>소스 파일</Filter>
    </ClCompile>
    <ClCompile Include="bj16234.cpp">
      <Filter>소스 파일</Filter>
    </ClCompile>
    <ClCompile Include="bj11728.cpp">
      <Filter>소스 파일</Filter>
    </ClCompile>
    <ClCompile Include="bj2003.cpp">
      <Filter>소스 파일</Filter>
    </ClCompile>
    <ClCompile Include="bj2438.cpp">
      <Filter>소스 파일</Filter>
    </ClCompile>
    <ClCompile Include="bj2439.cpp">
      <Filter>소스 파일</Filter>
    </ClCompile>
    <ClCompile Include="bj2440.cpp">
      <Filter>소스 파일</Filter>
    </ClCompile>
    <ClCompile Include="bj2441.cpp">
      <Filter>소스 파일</Filter>
    </ClCompile>
    <ClCompile Include="bj2442.cpp">
      <Filter>소스 파일</Filter>
    </ClCompile>
    <ClCompile Include="bj2443.cpp">
      <Filter>소스 파일</Filter>
    </ClCompile>
    <ClCompile Include="bj2444.cpp">
      <Filter>소스 파일</Filter>
    </ClCompile>
    <ClCompile Include="bj2445.cpp">
      <Filter>소스 파일</Filter>
    </ClCompile>
    <ClCompile Include="bj2446.cpp">
      <Filter>소스 파일</Filter>
    </ClCompile>
    <ClCompile Include="bj2447.cpp">
      <Filter>소스 파일</Filter>
    </ClCompile>
    <ClCompile Include="bj2941.cpp">
      <Filter>소스 파일</Filter>
    </ClCompile>
    <ClCompile Include="bj1018.cpp">
      <Filter>소스 파일</Filter>
    </ClCompile>
    <ClCompile Include="bj1924.cpp">
      <Filter>소스 파일</Filter>
    </ClCompile>
    <ClCompile Include="bj1546.cpp">
      <Filter>소스 파일</Filter>
    </ClCompile>
    <ClCompile Include="bj1748.cpp">
      <Filter>소스 파일</Filter>
    </ClCompile>
    <ClCompile Include="bj5525.cpp">
      <Filter>소스 파일</Filter>
    </ClCompile>
    <ClCompile Include="bj14467.cpp">
      <Filter>소스 파일</Filter>
    </ClCompile>
    <ClCompile Include="bj15905.cpp">
      <Filter>소스 파일</Filter>
    </ClCompile>
    <ClCompile Include="bj17070.cpp">
      <Filter>소스 파일</Filter>
    </ClCompile>
    <ClCompile Include="bj11559.cpp">
      <Filter>소스 파일</Filter>
    </ClCompile>
    <ClCompile Include="bj3197.cpp">
      <Filter>소스 파일</Filter>
    </ClCompile>
    <ClCompile Include="bj11279.cpp">
      <Filter>소스 파일</Filter>
    </ClCompile>
    <ClCompile Include="bj1715.cpp">
      <Filter>소스 파일</Filter>
    </ClCompile>
    <ClCompile Include="boj16929.cpp">
      <Filter>소스 파일</Filter>
    </ClCompile>
    <ClCompile Include="boj2217.cpp">
      <Filter>소스 파일</Filter>
    </ClCompile>
    <ClCompile Include="boj15662.cpp">
      <Filter>소스 파일</Filter>
    </ClCompile>
    <ClCompile Include="boj11404cpp">
      <Filter>소스 파일</Filter>
    </ClCompile>
    <ClCompile Include="boj11048.cpp">
      <Filter>소스 파일</Filter>
    </ClCompile>
    <ClCompile Include="boj16988.cpp">
      <Filter>소스 파일</Filter>
    </ClCompile>
    <ClCompile Include="boj17821.cpp">
      <Filter>소스 파일</Filter>
    </ClCompile>
    <ClCompile Include="boj2146.cpp">
      <Filter>소스 파일</Filter>
    </ClCompile>
    <ClCompile Include="boj2503.cpp">
      <Filter>소스 파일</Filter>
    </ClCompile>
    <ClCompile Include="boj1890.cpp">
      <Filter>소스 파일</Filter>
    </ClCompile>
    <ClCompile Include="boj2578.cpp">
      <Filter>소스 파일</Filter>
    </ClCompile>
    <ClCompile Include="boj17938.cpp">
      <Filter>소스 파일</Filter>
    </ClCompile>
    <ClCompile Include="boj17940.cpp">
      <Filter>소스 파일</Filter>
    </ClCompile>
    <ClCompile Include="boj17838.cpp">
      <Filter>소스 파일</Filter>
    </ClCompile>
    <ClCompile Include="boj1015.cpp">
      <Filter>소스 파일</Filter>
    </ClCompile>
    <ClCompile Include="boj17485.cpp">
      <Filter>소스 파일</Filter>
    </ClCompile>
    <ClCompile Include="boj2644.cpp">
      <Filter>소스 파일</Filter>
    </ClCompile>
    <ClCompile Include="boj14499.cpp">
      <Filter>소스 파일</Filter>
    </ClCompile>
    <ClCompile Include="boj11726.cpp">
      <Filter>소스 파일</Filter>
    </ClCompile>
    <ClCompile Include="boj14620.cpp">
      <Filter>소스 파일</Filter>
    </ClCompile>
    <ClCompile Include="boj2294.cpp">
      <Filter>소스 파일</Filter>
    </ClCompile>
    <ClCompile Include="boj14226.cpp">
      <Filter>소스 파일</Filter>
    </ClCompile>
    <ClCompile Include="boj17836.cpp">
      <Filter>소스 파일</Filter>
    </ClCompile>
    <ClCompile Include="boj4929.cpp">
      <Filter>소스 파일</Filter>
    </ClCompile>
    <ClCompile Include="boj6497.cpp">
      <Filter>소스 파일</Filter>
    </ClCompile>
    <ClCompile Include="boj10775.cpp">
      <Filter>소스 파일</Filter>
    </ClCompile>
    <ClCompile Include="boj17472.cpp">
      <Filter>소스 파일</Filter>
    </ClCompile>
    <ClCompile Include="boj17779.cpp">
      <Filter>소스 파일</Filter>
    </ClCompile>
    <ClCompile Include="boj1149.cpp">
      <Filter>소스 파일</Filter>
    </ClCompile>
    <ClCompile Include="boj15685.cpp">
      <Filter>소스 파일</Filter>
    </ClCompile>
    <ClCompile Include="swe4008.cpp">
      <Filter>소스 파일</Filter>
    </ClCompile>
    <ClCompile Include="swe2819.cpp">
      <Filter>소스 파일</Filter>
    </ClCompile>
    <ClCompile Include="swe3459.cpp">
      <Filter>소스 파일</Filter>
    </ClCompile>
    <ClCompile Include="swe1244.cpp">
      <Filter>소스 파일</Filter>
    </ClCompile>
    <ClCompile Include="prg43162.cpp">
      <Filter>소스 파일</Filter>
    </ClCompile>
    <ClCompile Include="prg62049.cpp">
      <Filter>소스 파일</Filter>
    </ClCompile>
    <ClCompile Include="swe2117.cpp">
      <Filter>소스 파일</Filter>
    </ClCompile>
    <ClCompile Include="prg42587.cpp">
      <Filter>소스 파일</Filter>
    </ClCompile>
    <ClCompile Include="prg42895.cpp">
      <Filter>소스 파일</Filter>
    </ClCompile>
    <ClCompile Include="prg42488.cpp">
      <Filter>소스 파일</Filter>
    </ClCompile>
    <ClCompile Include="prg49993.cpp">
      <Filter>소스 파일</Filter>
    </ClCompile>
    <ClCompile Include="prg62048.cpp">
      <Filter>소스 파일</Filter>
    </ClCompile>
    <ClCompile Include="prg42884.cpp">
      <Filter>소스 파일</Filter>
    </ClCompile>
    <ClCompile Include="prg43163.cpp">
      <Filter>소스 파일</Filter>
    </ClCompile>
    <ClCompile Include="prg60060.cpp">
      <Filter>소스 파일</Filter>
    </ClCompile>
    <ClCompile Include="swe5432.cpp">
      <Filter>소스 파일</Filter>
    </ClCompile>
    <ClCompile Include="swe3347.cpp">
      <Filter>소스 파일</Filter>
    </ClCompile>
    <ClCompile Include="prg42898.cpp">
      <Filter>소스 파일</Filter>
    </ClCompile>
    <ClCompile Include="prg43105.cpp">
      <Filter>소스 파일</Filter>
    </ClCompile>
    <ClCompile Include="prg42841.cpp">
      <Filter>소스 파일</Filter>
    </ClCompile>
    <ClCompile Include="prg42842.cpp">
      <Filter>소스 파일</Filter>
    </ClCompile>
    <ClCompile Include="swe5643.cpp">
      <Filter>소스 파일</Filter>
    </ClCompile>
    <ClCompile Include="prg12907.cpp">
      <Filter>소스 파일</Filter>
    </ClCompile>
    <ClCompile Include="prg42861.cpp">
      <Filter>소스 파일</Filter>
    </ClCompile>
    <ClCompile Include="swe1808.cpp">
      <Filter>소스 파일</Filter>
    </ClCompile>
    <ClCompile Include="boj15649.cpp">
      <Filter>소스 파일</Filter>
    </ClCompile>
    <ClCompile Include="boj15650.cpp">
      <Filter>소스 파일</Filter>
    </ClCompile>
    <ClCompile Include="boj15651.cpp">
      <Filter>소스 파일</Filter>
    </ClCompile>
    <ClCompile Include="boj15652.cpp">
      <Filter>소스 파일</Filter>
    </ClCompile>
    <ClCompile Include="boj15666.cpp">
      <Filter>소스 파일</Filter>
    </ClCompile>
    <ClCompile Include="boj17143.cpp">
      <Filter>소스 파일</Filter>
    </ClCompile>
    <ClCompile Include="swe8822.cpp">
      <Filter>소스 파일</Filter>
    </ClCompile>
    <ClCompile Include="swe8998.cpp">
      <Filter>소스 파일</Filter>
    </ClCompile>
    <ClCompile Include="swe6109.cpp">
      <Filter>소스 파일</Filter>
    </ClCompile>
    <ClCompile Include="boj2583.cpp">
      <Filter>소스 파일</Filter>
    </ClCompile>
    <ClCompile Include="boj2665.cpp">
      <Filter>소스 파일</Filter>
    </ClCompile>
    <ClCompile Include="boj16953.cpp">
      <Filter>소스 파일</Filter>
    </ClCompile>
    <ClCompile Include="boj2056.cpp">
      <Filter>소스 파일</Filter>
    </ClCompile>
    <ClCompile Include="boj16504.cpp">
      <Filter>소스 파일</Filter>
    </ClCompile>
    <ClCompile Include="boj17780.cpp">
      <Filter>소스 파일</Filter>
    </ClCompile>
    <ClCompile Include="boj2979.cpp">
      <Filter>소스 파일</Filter>
    </ClCompile>
    <ClCompile Include="boj11729.cpp">
      <Filter>소스 파일</Filter>
    </ClCompile>
    <ClCompile Include="prg42626.cpp">
      <Filter>소스 파일</Filter>
    </ClCompile>
    <ClCompile Include="prg42885.cpp">
      <Filter>소스 파일</Filter>
    </ClCompile>
    <ClCompile Include="prg42860.cpp">
      <Filter>소스 파일</Filter>
    </ClCompile>
    <ClCompile Include="prg60058.cpp">
      <Filter>소스 파일</Filter>
    </ClCompile>
    <ClCompile Include="prg43165.cpp">
      <Filter>소스 파일</Filter>
    </ClCompile>
    <ClCompile Include="PRG17679.cpp">
      <Filter>소스 파일</Filter>
    </ClCompile>
    <ClCompile Include="prg42579.cpp">
      <Filter>소스 파일</Filter>
    </ClCompile>
    <ClCompile Include="prg42839.cpp">
      <Filter>소스 파일</Filter>
    </ClCompile>
    <ClCompile Include="prg42897.cpp">
      <Filter>소스 파일</Filter>
    </ClCompile>
    <ClCompile Include="prg42583.cpp">
      <Filter>소스 파일</Filter>
    </ClCompile>
    <ClCompile Include="prg43164.cpp">
      <Filter>소스 파일</Filter>
    </ClCompile>
    <ClCompile Include="prg42746.cpp">
      <Filter>소스 파일</Filter>
    </ClCompile>
    <ClCompile Include="prg42627.cpp">
      <Filter>소스 파일</Filter>
    </ClCompile>
    <ClCompile Include="prg42747.cpp">
      <Filter>소스 파일</Filter>
    </ClCompile>
    <ClCompile Include="boj18290.cpp">
      <Filter>소스 파일</Filter>
    </ClCompile>
    <ClCompile Include="boj9205.cpp">
      <Filter>소스 파일</Filter>
    </ClCompile>
    <ClCompile Include="boj2776.cpp">
      <Filter>소스 파일</Filter>
    </ClCompile>
    <ClCompile Include="prg49189.cpp">
      <Filter>소스 파일</Filter>
    </ClCompile>
    <ClCompile Include="prg49191.cpp">
      <Filter>소스 파일</Filter>
    </ClCompile>
    <ClCompile Include="prg43237.cpp">
      <Filter>소스 파일</Filter>
    </ClCompile>
    <ClCompile Include="boj3085.cpp">
      <Filter>소스 파일</Filter>
    </ClCompile>
    <ClCompile Include="boj3184.cpp">
      <Filter>소스 파일</Filter>
    </ClCompile>
    <ClCompile Include="boj18186.cpp">
      <Filter>소스 파일</Filter>
    </ClCompile>
    <ClCompile Include="boj14890.cpp">
      <Filter>소스 파일</Filter>
    </ClCompile>
    <ClCompile Include="boj2110.cpp">
      <Filter>소스 파일</Filter>
    </ClCompile>
    <ClCompile Include="prg12978.cpp">
      <Filter>소스 파일</Filter>
    </ClCompile>
    <ClCompile Include="prg42890.cpp">
      <Filter>소스 파일</Filter>
    </ClCompile>
    <ClCompile Include="boj10448.cpp">
      <Filter>소스 파일</Filter>
    </ClCompile>
    <ClCompile Include="boj2231.cpp">
      <Filter>소스 파일</Filter>
    </ClCompile>
    <ClCompile Include="boj1648.cpp">
      <Filter>소스 파일</Filter>
    </ClCompile>
    <ClCompile Include="boj17471.cpp">
      <Filter>소스 파일</Filter>
    </ClCompile>
    <ClCompile Include="prg42578.cpp">
      <Filter>소스 파일</Filter>
    </ClCompile>
    <ClCompile Include="prg42586.cpp">
      <Filter>소스 파일</Filter>
    </ClCompile>
    <ClCompile Include="prg12914.cpp">
      <Filter>소스 파일</Filter>
    </ClCompile>
    <ClCompile Include="prg12980.cpp">
      <Filter>소스 파일</Filter>
    </ClCompile>
    <ClCompile Include="prg42888.cpp">
      <Filter>소스 파일</Filter>
    </ClCompile>
    <ClCompile Include="boj17837.cpp">
      <Filter>소스 파일</Filter>
    </ClCompile>
  </ItemGroup>
</Project>